<?xml version="1.0" encoding="utf-8"?>
<Project ToolsVersion="4.0" xmlns="http://schemas.microsoft.com/developer/msbuild/2003">
  <ItemGroup>
    <Filter Include="Source Files">
      <UniqueIdentifier>{4FC737F1-C7A5-4376-A066-2A32D752A2FF}</UniqueIdentifier>
      <Extensions>cpp;c;cc;cxx;c++;cppm;ixx;def;odl;idl;hpj;bat;asm;asmx</Extensions>
    </Filter>
    <Filter Include="Header Files">
      <UniqueIdentifier>{93995380-89BD-4b04-88EB-625FBE52EBFB}</UniqueIdentifier>
      <Extensions>h;hh;hpp;hxx;h++;hm;inl;inc;ipp;xsd</Extensions>
    </Filter>
    <Filter Include="Resource Files">
      <UniqueIdentifier>{67DA6AB6-F800-4c08-8B7A-83BB121AAD01}</UniqueIdentifier>
      <Extensions>rc;ico;cur;bmp;dlg;rc2;rct;bin;rgs;gif;jpg;jpeg;jpe;resx;tiff;tif;png;wav;mfcribbon-ms</Extensions>
    </Filter>
  </ItemGroup>
  <ItemGroup>
    <ClCompile Include="Buzz-Emu.cpp">
      <Filter>Source Files</Filter>
    </ClCompile>
    <ClCompile Include="memory\Mmu.cpp">
      <Filter>Source Files</Filter>
    </ClCompile>
    <ClCompile Include="emulator\Emulator.cpp">
      <Filter>Source Files</Filter>
    </ClCompile>
    <ClCompile Include="core\Fs.cpp">
      <Filter>Source Files</Filter>
    </ClCompile>
    <ClCompile Include="emulation\x86\Decoder.cpp">
      <Filter>Source Files</Filter>
    </ClCompile>
    <ClCompile Include="emulation\x86\ModRM.cpp">
      <Filter>Source Files</Filter>
    </ClCompile>
    <ClCompile Include="emulation\x86\InstructionHandler.cpp">
      <Filter>Source Files</Filter>
    </ClCompile>
    <ClCompile Include="emulation\x86\Sib.cpp">
      <Filter>Source Files</Filter>
    </ClCompile>
    <ClCompile Include="emulation\x86\Flags.cpp">
      <Filter>Source Files</Filter>
    </ClCompile>
    <ClCompile Include="emulation\x86\Register.cpp">
      <Filter>Source Files</Filter>
    </ClCompile>
  </ItemGroup>
  <ItemGroup>
    <ClInclude Include="memory\Mmu.hpp">
      <Filter>Header Files</Filter>
    </ClInclude>
    <ClInclude Include="emulator\Emulator.hpp">
      <Filter>Header Files</Filter>
    </ClInclude>
    <ClInclude Include="core\Memtypes.hpp">
      <Filter>Header Files</Filter>
    </ClInclude>
    <ClInclude Include="memory\Permission.hpp">
      <Filter>Header Files</Filter>
    </ClInclude>
    <ClInclude Include="memory\VirtualAddr.hpp">
      <Filter>Header Files</Filter>
    </ClInclude>
    <ClInclude Include="memory\Block.hpp">
      <Filter>Header Files</Filter>
    </ClInclude>
    <ClInclude Include="memory\Section.hpp">
      <Filter>Header Files</Filter>
    </ClInclude>
    <ClInclude Include="core\Fs.hpp">
      <Filter>Header Files</Filter>
    </ClInclude>
    <ClInclude Include="emulation\x86\Register.hpp">
      <Filter>Header Files</Filter>
    </ClInclude>
    <ClInclude Include="emulation\x86\Decoder.hpp">
      <Filter>Header Files</Filter>
    </ClInclude>
    <ClInclude Include="emulation\x86\DecodeContext.hpp">
      <Filter>Header Files</Filter>
    </ClInclude>
    <ClInclude Include="emulation\x86\SizeEnum.hpp">
      <Filter>Header Files</Filter>
    </ClInclude>
    <ClInclude Include="emulation\x86\Instructions.hpp">
      <Filter>Header Files</Filter>
    </ClInclude>
    <ClInclude Include="emulation\x86\ModRM.hpp">
      <Filter>Header Files</Filter>
    </ClInclude>
    <ClInclude Include="emulation\x86\AddressingMode.hpp">
      <Filter>Header Files</Filter>
    </ClInclude>
    <ClInclude Include="emulation\x86\InstructionHandler.hpp">
      <Filter>Header Files</Filter>
    </ClInclude>
    <ClInclude Include="emulation\x86\Sib.hpp">
      <Filter>Header Files</Filter>
    </ClInclude>
    <ClInclude Include="emulation\x86\Flags.hpp">
      <Filter>Header Files</Filter>
    </ClInclude>
    <ClInclude Include="emulator\VmExit.hpp">
      <Filter>Header Files</Filter>
    </ClInclude>
    <ClInclude Include="emulation\x86\OperandEncoding.hpp">
      <Filter>Header Files</Filter>
    </ClInclude>
  </ItemGroup>
  <ItemGroup>
    <Text Include="trash_can\old_instruction_handlers.txt" />
  </ItemGroup>
</Project>